
Microsoft Visual Studio Solution File, Format Version 12.00
# Visual Studio Version 16
VisualStudioVersion = 16.0.30128.74
MinimumVisualStudioVersion = 10.0.40219.1
Project("{FAE04EC0-301F-11D3-BF4B-00C04F79EFBC}") = "RpiRequestor", "RpiRequestor\RpiRequestor.csproj", "{9C3C4617-23C9-47FE-BCEE-84861BBE45BF}"
EndProject
Global
	GlobalSection(SolutionConfigurationPlatforms) = preSolution
		Debug|Any CPU = Debug|Any CPU
		Release|Any CPU = Release|Any CPU
	EndGlobalSection
	GlobalSection(ProjectConfigurationPlatforms) = postSolution
		{9C3C4617-23C9-47FE-BCEE-84861BBE45BF}.Debug|Any CPU.ActiveCfg = Debug|Any CPU
		{9C3C4617-23C9-47FE-BCEE-84861BBE45BF}.Debug|Any CPU.Build.0 = Debug|Any CPU
		{9C3C4617-23C9-47FE-BCEE-84861BBE45BF}.Release|Any CPU.ActiveCfg = Release|Any CPU
		{9C3C4617-23C9-47FE-BCEE-84861BBE45BF}.Release|Any CPU.Build.0 = Release|Any CPU
	EndGlobalSection
	GlobalSection(SolutionProperties) = preSolution
		HideSolutionNode = FALSE
	EndGlobalSection
	GlobalSection(ExtensibilityGlobals) = postSolution
		SolutionGuid = {DD5DE014-4585-4B18-89A8-932F0AE902D4}
	EndGlobalSection
EndGlobal
